PODS:
  - Alamofire (4.7.2)
  - Dollar (7.1.0)
  - Kingfisher (4.7.0)
  - Moya (10.0.2):
    - Moya/Core (= 10.0.2)
  - Moya-ObjectMapper/Core (2.5):
    - Moya (~> 10.0.0)
    - ObjectMapper (~> 3.0.0)
  - Moya-ObjectMapper/RxSwift (2.5):
    - Moya-ObjectMapper/Core
    - Moya/RxSwift
    - RxSwift (~> 4.0.0)
  - Moya/Core (10.0.2):
    - Alamofire (~> 4.1)
    - Result (~> 3.0)
  - Moya/RxSwift (10.0.2):
    - Moya/Core
    - RxSwift (~> 4.0)
  - ObjectMapper (3.0.0)
  - Result (3.2.4)
  - Reusable (4.0.2):
    - Reusable/Storyboard (= 4.0.2)
    - Reusable/View (= 4.0.2)
  - Reusable/Storyboard (4.0.2)
  - Reusable/View (4.0.2)
  - RxCocoa (4.1.2):
    - RxSwift (~> 4.0)
  - RxSwift (4.0.0)
  - SDWebImage (4.3.3):
    - SDWebImage/Core (= 4.3.3)
  - SDWebImage/Core (4.3.3)

DEPENDENCIES:
  - Dollar
  - Kingfisher
  - Moya
  - Moya-ObjectMapper/RxSwift
  - Moya/RxSwift
  - Reusable
  - RxCocoa
  - RxSwift
  - SDWebImage

SPEC REPOS:
  https://github.com/CocoaPods/Specs.git:
    - Alamofire
    - Dollar
    - Kingfisher
    - Moya
    - Moya-ObjectMapper
    - ObjectMapper
    - Result
    - Reusable
    - RxCocoa
    - RxSwift
    - SDWebImage

SPEC CHECKSUMS:
  Alamofire: e4fa87002c137ba2d8d634d2c51fabcda0d5c223
  Dollar: dc69a2997fa5df12ae7a91fec897963664c26750
  Kingfisher: da6b005aa96d37698e3e4f1ccfe96a5b9bbf27d6
  Moya: 2b0531a9fef318e0bc484030c3db1e6f279ccb66
  Moya-ObjectMapper: 167adf69db0298bf3a19ea05cb9a16ee117c8ef5
  ObjectMapper: 92230db59bf8f341a5c3a3cf0b9fbdde3cf0d87f
  Result: d2d07204ce72856f1fd9130bbe42c35a7b0fea10
  Reusable: 584a5629747c52e0f6a77841b400dc2643f6fa0f
  RxCocoa: d88ba0f1f6abf040011a9eb4b539324fc426843a
  RxSwift: fd680d75283beb5e2559486f3c0ff852f0d35334
  SDWebImage: de4d90b5bff3571eae7bd16202b1f43135409fa5

PODFILE CHECKSUM: fbe643b664421f9f2ba77c2814c281bcee759f82

COCOAPODS: 1.5.0
